Microsoft Visual Studio Solution File, Format Version 12.00
# Visual Studio Version 17
VisualStudioVersion = 17.0.31903.59
MinimumVisualStudioVersion = 10.0.40219.1
Project("{FAE04EC0-301F-11D3-BF4B-00C04F79EFBC}") = "KooliProjekt.WebAPI", "KooliProjekt.WebAPI\KooliProjekt.WebAPI.csproj", "{270516CE-9AB6-3904-314A-AA24FA8FBAEF}"
EndProject
Project("{FAE04EC0-301F-11D3-BF4B-00C04F79EFBC}") = "KooliProjekt.Application", "KooliProjekt.Application\KooliProjekt.Application.csproj", "{E41F8852-7DB4-44C4-9C2F-E59631D78E81}"
EndProject
Project("{FAE04EC0-301F-11D3-BF4B-00C04F79EFBC}") = "KooliProjekt.UnitTests", "KooliProjekt.Application.UnitTests\KooliProjekt.UnitTests.csproj", "{E540610F-0800-4347-B312-50B08AEE14D6}"
EndProject
Project("{FAE04EC0-301F-11D3-BF4B-00C04F79EFBC}") = "KooliProjekt.IntegrationTests", "KooliProjekt.IntegrationTests\KooliProjekt.IntegrationTests.csproj", "{ED6C664D-58B3-44AB-8E86-BA91D55C6B38}"
EndProject
Project("{FAE04EC0-301F-11D3-BF4B-00C04F79EFBC}") = "KooliProjekt.WindowsForms", "KooliProjekt.WindowsForms\KooliProjekt.WindowsForms.csproj", "{CBEFA156-570A-4539-91C3-4D79D156D170}"
EndProject
Project("{FAE04EC0-301F-11D3-BF4B-00C04F79EFBC}") = "KooliProjekt.WindowsForms.UnitTests", "KooliProjekt.WindowsForms.UnitTests\KooliProjekt.WindowsForms.UnitTests.csproj", "{72529AA7-055A-4BE2-B12D-59E809880317}"
EndProject
Project("{FAE04EC0-301F-11D3-BF4B-00C04F79EFBC}") = "KooliProjekt.WpfApplication", "KooliProjekt.WpfApplication\KooliProjekt.WpfApplication.csproj", "{A048EF10-4C61-47A6-B808-620BAE687508}"
EndProject
Project("{FAE04EC0-301F-11D3-BF4B-00C04F79EFBC}") = "KooliProjekt.WpfApplication.UnitTests", "KooliProjekt.WpfApplication.UnitTests\KooliProjekt.WpfApplication.UnitTests.csproj", "{C4AB9085-289B-46F4-9463-25476A612B18}"
EndProject
Project("{FAE04EC0-301F-11D3-BF4B-00C04F79EFBC}") = "KooliProjekt.BlazorWasm", "KooliProjekt.BlazorWasm\KooliProjekt.BlazorWasm.csproj", "{D6D3B3C6-FAB7-4CE8-983D-241E8C81FB20}"
EndProject
Project("{FAE04EC0-301F-11D3-BF4B-00C04F79EFBC}") = "PictureViewer", "Tutorials\PictureViewer\PictureViewer.csproj", "{96F79260-B3C5-4B7C-A42A-DBE63D3E17CA}"
EndProject
Project("{FAE04EC0-301F-11D3-BF4B-00C04F79EFBC}") = "MathQuiz", "Tutorials\MathQuiz\MathQuiz.csproj", "{B9E9C9BC-D796-41C1-ACAA-8BDF16B47CF5}"
EndProject
Project("{FAE04EC0-301F-11D3-BF4B-00C04F79EFBC}") = "MatchingGame", "Tutorials\MatchingGame\MatchingGame.csproj", "{AEFD67B3-EC8C-48C4-8E2B-5A29D8C86E4F}"
EndProject
Global
	GlobalSection(SolutionConfigurationPlatforms) = preSolution
		Debug|Any CPU = Debug|Any CPU
		Release|Any CPU = Release|Any CPU
	EndGlobalSection
	GlobalSection(ProjectConfigurationPlatforms) = postSolution
		{AEFD67B3-EC8C-48C4-8E2B-5A29D8C86E4F}.Debug|Any CPU.ActiveCfg = Debug|Any CPU
		{AEFD67B3-EC8C-48C4-8E2B-5A29D8C86E4F}.Debug|Any CPU.Build.0 = Debug|Any CPU
		{AEFD67B3-EC8C-48C4-8E2B-5A29D8C86E4F}.Release|Any CPU.ActiveCfg = Release|Any CPU
		{AEFD67B3-EC8C-48C4-8E2B-5A29D8C86E4F}.Release|Any CPU.Build.0 = Release|Any CPU
		{B9E9C9BC-D796-41C1-ACAA-8BDF16B47CF5}.Debug|Any CPU.ActiveCfg = Debug|Any CPU
		{B9E9C9BC-D796-41C1-ACAA-8BDF16B47CF5}.Debug|Any CPU.Build.0 = Debug|Any CPU
		{B9E9C9BC-D796-41C1-ACAA-8BDF16B47CF5}.Release|Any CPU.ActiveCfg = Release|Any CPU
		{B9E9C9BC-D796-41C1-ACAA-8BDF16B47CF5}.Release|Any CPU.Build.0 = Release|Any CPU
		{96F79260-B3C5-4B7C-A42A-DBE63D3E17CA}.Debug|Any CPU.ActiveCfg = Debug|Any CPU
		{96F79260-B3C5-4B7C-A42A-DBE63D3E17CA}.Debug|Any CPU.Build.0 = Debug|Any CPU
		{96F79260-B3C5-4B7C-A42A-DBE63D3E17CA}.Release|Any CPU.ActiveCfg = Release|Any CPU
		{96F79260-B3C5-4B7C-A42A-DBE63D3E17CA}.Release|Any CPU.Build.0 = Release|Any CPU
		{D6D3B3C6-FAB7-4CE8-983D-241E8C81FB20}.Debug|Any CPU.ActiveCfg = Debug|Any CPU
		{D6D3B3C6-FAB7-4CE8-983D-241E8C81FB20}.Debug|Any CPU.Build.0 = Debug|Any CPU
		{D6D3B3C6-FAB7-4CE8-983D-241E8C81FB20}.Release|Any CPU.ActiveCfg = Release|Any CPU
		{D6D3B3C6-FAB7-4CE8-983D-241E8C81FB20}.Release|Any CPU.Build.0 = Release|Any CPU
		{C4AB9085-289B-46F4-9463-25476A612B18}.Debug|Any CPU.ActiveCfg = Debug|Any CPU
		{C4AB9085-289B-46F4-9463-25476A612B18}.Debug|Any CPU.Build.0 = Debug|Any CPU
		{C4AB9085-289B-46F4-9463-25476A612B18}.Release|Any CPU.ActiveCfg = Release|Any CPU
		{C4AB9085-289B-46F4-9463-25476A612B18}.Release|Any CPU.Build.0 = Release|Any CPU
		{A048EF10-4C61-47A6-B808-620BAE687508}.Debug|Any CPU.ActiveCfg = Debug|Any CPU
		{A048EF10-4C61-47A6-B808-620BAE687508}.Debug|Any CPU.Build.0 = Debug|Any CPU
		{A048EF10-4C61-47A6-B808-620BAE687508}.Release|Any CPU.ActiveCfg = Release|Any CPU
		{A048EF10-4C61-47A6-B808-620BAE687508}.Release|Any CPU.Build.0 = Release|Any CPU
		{72529AA7-055A-4BE2-B12D-59E809880317}.Debug|Any CPU.ActiveCfg = Debug|Any CPU
		{72529AA7-055A-4BE2-B12D-59E809880317}.Debug|Any CPU.Build.0 = Debug|Any CPU
		{72529AA7-055A-4BE2-B12D-59E809880317}.Release|Any CPU.ActiveCfg = Release|Any CPU
		{72529AA7-055A-4BE2-B12D-59E809880317}.Release|Any CPU.Build.0 = Release|Any CPU
		{CBEFA156-570A-4539-91C3-4D79D156D170}.Debug|Any CPU.ActiveCfg = Debug|Any CPU
		{CBEFA156-570A-4539-91C3-4D79D156D170}.Debug|Any CPU.Build.0 = Debug|Any CPU
		{CBEFA156-570A-4539-91C3-4D79D156D170}.Release|Any CPU.ActiveCfg = Release|Any CPU
		{CBEFA156-570A-4539-91C3-4D79D156D170}.Release|Any CPU.Build.0 = Release|Any CPU

		{270516CE-9AB6-3904-314A-AA24FA8FBAEF}.Debug|Any CPU.ActiveCfg = Debug|Any CPU
		{270516CE-9AB6-3904-314A-AA24FA8FBAEF}.Debug|Any CPU.Build.0 = Debug|Any CPU
		{270516CE-9AB6-3904-314A-AA24FA8FBAEF}.Release|Any CPU.ActiveCfg = Release|Any CPU
		{270516CE-9AB6-3904-314A-AA24FA8FBAEF}.Release|Any CPU.Build.0 = Release|Any CPU
		{E41F8852-7DB4-44C4-9C2F-E59631D78E81}.Debug|Any CPU.ActiveCfg = Debug|Any CPU
		{E41F8852-7DB4-44C4-9C2F-E59631D78E81}.Debug|Any CPU.Build.0 = Debug|Any CPU
		{E41F8852-7DB4-44C4-9C2F-E59631D78E81}.Release|Any CPU.ActiveCfg = Release|Any CPU
		{E41F8852-7DB4-44C4-9C2F-E59631D78E81}.Release|Any CPU.Build.0 = Release|Any CPU
		{E540610F-0800-4347-B312-50B08AEE14D6}.Debug|Any CPU.ActiveCfg = Debug|Any CPU
		{E540610F-0800-4347-B312-50B08AEE14D6}.Debug|Any CPU.Build.0 = Debug|Any CPU
		{E540610F-0800-4347-B312-50B08AEE14D6}.Release|Any CPU.ActiveCfg = Release|Any CPU
		{E540610F-0800-4347-B312-50B08AEE14D6}.Release|Any CPU.Build.0 = Release|Any CPU
		{ED6C664D-58B3-44AB-8E86-BA91D55C6B38}.Debug|Any CPU.ActiveCfg = Debug|Any CPU
		{ED6C664D-58B3-44AB-8E86-BA91D55C6B38}.Debug|Any CPU.Build.0 = Debug|Any CPU
		{ED6C664D-58B3-44AB-8E86-BA91D55C6B38}.Release|Any CPU.ActiveCfg = Release|Any CPU
		{ED6C664D-58B3-44AB-8E86-BA91D55C6B38}.Release|Any CPU.Build.0 = Release|Any CPU
	EndGlobalSection
EndGlobal

